
Microsoft Visual Studio Solution File, Format Version 12.00
# Visual Studio Version 17
VisualStudioVersion = 17.4.33403.182
MinimumVisualStudioVersion = 10.0.40219.1
Project("{FAE04EC0-301F-11D3-BF4B-00C04F79EFBC}") = "Examen_Recuperacion_Eric_3Unidad", "Examen_Recuperacion_Eric_3Unidad.csproj", "{1592FEE0-89FE-4173-AB3F-7FAA5DC01C85}"
EndProject
Global
	GlobalSection(SolutionConfigurationPlatforms) = preSolution
		Debug|Any CPU = Debug|Any CPU
		Release|Any CPU = Release|Any CPU
	EndGlobalSection
	GlobalSection(ProjectConfigurationPlatforms) = postSolution
		{1592FEE0-89FE-4173-AB3F-7FAA5DC01C85}.Debug|Any CPU.ActiveCfg = Debug|Any CPU
		{1592FEE0-89FE-4173-AB3F-7FAA5DC01C85}.Debug|Any CPU.Build.0 = Debug|Any CPU
		{1592FEE0-89FE-4173-AB3F-7FAA5DC01C85}.Release|Any CPU.ActiveCfg = Release|Any CPU
		{1592FEE0-89FE-4173-AB3F-7FAA5DC01C85}.Release|Any CPU.Build.0 = Release|Any CPU
	EndGlobalSection
	GlobalSection(SolutionProperties) = preSolution
		HideSolutionNode = FALSE
	EndGlobalSection
	GlobalSection(ExtensibilityGlobals) = postSolution
		SolutionGuid = {72767F52-5FC2-4C59-9CA1-B0C7C2FFC3B8}
	EndGlobalSection
EndGlobal
